
Microsoft Visual Studio Solution File, Format Version 12.00
# Visual Studio 14
VisualStudioVersion = 14.0.24720.0
MinimumVisualStudioVersion = 10.0.40219.1
Project("{FAE04EC0-301F-11D3-BF4B-00C04F79EFBC}") = "RealTimeMultiThread", "RealTimeMultiThread\RealTimeMultiThread.csproj", "{C1A2029C-F540-4581-8FF4-E0BD594B6125}"
EndProject
Project("{FAE04EC0-301F-11D3-BF4B-00C04F79EFBC}") = "RealTimeMultiThreadWPF", "RealTimeMultiThreadWPF\RealTimeMultiThreadWPF.csproj", "{42ADC578-8392-42DD-B72F-9A6DAC27B212}"
EndProject
Project("{FAE04EC0-301F-11D3-BF4B-00C04F79EFBC}") = "RealTimeViewPort", "RealTimeViewPort\RealTimeViewPort.csproj", "{95658142-77B7-4FDB-920F-7C0D96B27919}"
EndProject
Project("{FAE04EC0-301F-11D3-BF4B-00C04F79EFBC}") = "RealTimeViewPortWPF", "RealTimeViewPortWPF\RealTimeViewPortWPF.csproj", "{5E246585-AB18-455B-B923-E670B62C7F62}"
EndProject
Project("{FAE04EC0-301F-11D3-BF4B-00C04F79EFBC}") = "RealTimeSweep", "RealTimeSweep\RealTimeSweep.csproj", "{1BC88CBF-7C14-4DFD-9B93-C9FC5C774679}"
EndProject
Project("{FAE04EC0-301F-11D3-BF4B-00C04F79EFBC}") = "RealTimeSweepWPF", "RealTimeSweepWPF\RealTimeSweepWPF.csproj", "{0EF73C15-BEC3-4117-8F53-D1D41C803965}"
EndProject
Project("{FAE04EC0-301F-11D3-BF4B-00C04F79EFBC}") = "RealTimeMeasureWPF", "RealTimeMeasureWPF\RealTimeMeasureWPF.csproj", "{F1FC7A58-A92E-47DA-8EFF-9B9C5E963A9F}"
EndProject
Project("{FAE04EC0-301F-11D3-BF4B-00C04F79EFBC}") = "RealTimeMeasure", "RealTimeMeasure\RealTimeMeasure.csproj", "{2911DB33-0955-4FA1-9D77-1C7AD3EED73C}"
EndProject
Global
	GlobalSection(SolutionConfigurationPlatforms) = preSolution
		Debug|Any CPU = Debug|Any CPU
		Release|Any CPU = Release|Any CPU
	EndGlobalSection
	GlobalSection(ProjectConfigurationPlatforms) = postSolution
		{C1A2029C-F540-4581-8FF4-E0BD594B6125}.Debug|Any CPU.ActiveCfg = Debug|Any CPU
		{C1A2029C-F540-4581-8FF4-E0BD594B6125}.Debug|Any CPU.Build.0 = Debug|Any CPU
		{C1A2029C-F540-4581-8FF4-E0BD594B6125}.Release|Any CPU.ActiveCfg = Release|Any CPU
		{C1A2029C-F540-4581-8FF4-E0BD594B6125}.Release|Any CPU.Build.0 = Release|Any CPU
		{42ADC578-8392-42DD-B72F-9A6DAC27B212}.Debug|Any CPU.ActiveCfg = Debug|Any CPU
		{42ADC578-8392-42DD-B72F-9A6DAC27B212}.Debug|Any CPU.Build.0 = Debug|Any CPU
		{42ADC578-8392-42DD-B72F-9A6DAC27B212}.Release|Any CPU.ActiveCfg = Release|Any CPU
		{42ADC578-8392-42DD-B72F-9A6DAC27B212}.Release|Any CPU.Build.0 = Release|Any CPU
		{95658142-77B7-4FDB-920F-7C0D96B27919}.Debug|Any CPU.ActiveCfg = Debug|Any CPU
		{95658142-77B7-4FDB-920F-7C0D96B27919}.Debug|Any CPU.Build.0 = Debug|Any CPU
		{95658142-77B7-4FDB-920F-7C0D96B27919}.Release|Any CPU.ActiveCfg = Release|Any CPU
		{95658142-77B7-4FDB-920F-7C0D96B27919}.Release|Any CPU.Build.0 = Release|Any CPU
		{5E246585-AB18-455B-B923-E670B62C7F62}.Debug|Any CPU.ActiveCfg = Debug|Any CPU
		{5E246585-AB18-455B-B923-E670B62C7F62}.Debug|Any CPU.Build.0 = Debug|Any CPU
		{5E246585-AB18-455B-B923-E670B62C7F62}.Release|Any CPU.ActiveCfg = Release|Any CPU
		{5E246585-AB18-455B-B923-E670B62C7F62}.Release|Any CPU.Build.0 = Release|Any CPU
		{1BC88CBF-7C14-4DFD-9B93-C9FC5C774679}.Debug|Any CPU.ActiveCfg = Debug|Any CPU
		{1BC88CBF-7C14-4DFD-9B93-C9FC5C774679}.Debug|Any CPU.Build.0 = Debug|Any CPU
		{1BC88CBF-7C14-4DFD-9B93-C9FC5C774679}.Release|Any CPU.ActiveCfg = Release|Any CPU
		{1BC88CBF-7C14-4DFD-9B93-C9FC5C774679}.Release|Any CPU.Build.0 = Release|Any CPU
		{0EF73C15-BEC3-4117-8F53-D1D41C803965}.Debug|Any CPU.ActiveCfg = Debug|Any CPU
		{0EF73C15-BEC3-4117-8F53-D1D41C803965}.Debug|Any CPU.Build.0 = Debug|Any CPU
		{0EF73C15-BEC3-4117-8F53-D1D41C803965}.Release|Any CPU.ActiveCfg = Release|Any CPU
		{0EF73C15-BEC3-4117-8F53-D1D41C803965}.Release|Any CPU.Build.0 = Release|Any CPU
		{F1FC7A58-A92E-47DA-8EFF-9B9C5E963A9F}.Debug|Any CPU.ActiveCfg = Debug|Any CPU
		{F1FC7A58-A92E-47DA-8EFF-9B9C5E963A9F}.Debug|Any CPU.Build.0 = Debug|Any CPU
		{F1FC7A58-A92E-47DA-8EFF-9B9C5E963A9F}.Release|Any CPU.ActiveCfg = Release|Any CPU
		{F1FC7A58-A92E-47DA-8EFF-9B9C5E963A9F}.Release|Any CPU.Build.0 = Release|Any CPU
		{2911DB33-0955-4FA1-9D77-1C7AD3EED73C}.Debug|Any CPU.ActiveCfg = Debug|Any CPU
		{2911DB33-0955-4FA1-9D77-1C7AD3EED73C}.Debug|Any CPU.Build.0 = Debug|Any CPU
		{2911DB33-0955-4FA1-9D77-1C7AD3EED73C}.Release|Any CPU.ActiveCfg = Release|Any CPU
		{2911DB33-0955-4FA1-9D77-1C7AD3EED73C}.Release|Any CPU.Build.0 = Release|Any CPU
	EndGlobalSection
	GlobalSection(SolutionProperties) = preSolution
		HideSolutionNode = FALSE
	EndGlobalSection
EndGlobal
